
Microsoft Visual Studio Solution File, Format Version 12.00
# Visual Studio Version 17
VisualStudioVersion = 17.0.32112.339
MinimumVisualStudioVersion = 10.0.40219.1
Project("{9A19103F-16F7-4668-BE54-9A1E7A4F7556}") = "EfPerformance", "EfPerformance\EfPerformance.csproj", "{C1E27EC1-4938-4AA1-A357-77D57F3EF251}"
EndProject
Project("{9A19103F-16F7-4668-BE54-9A1E7A4F7556}") = "CoreBlog", "CoreBlog\CoreBlog.csproj", "{DB0F47AF-FEF4-4DB2-A2CA-4C3FA609C5C8}"
EndProject
Project("{9A19103F-16F7-4668-BE54-9A1E7A4F7556}") = "Blog", "Blog\Blog.csproj", "{BD709324-AABF-4FFC-8466-5E9A21940A00}"
EndProject
Project("{9A19103F-16F7-4668-BE54-9A1E7A4F7556}") = "Blog.Benchmarks", "SharedModels\Blog.Benchmarks.csproj", "{B40F4843-5086-4674-95CA-6169942F329B}"
EndProject
Project("{2150E333-8FDC-42A3-9474-1A3956D46DE8}") = "Solution Items", "Solution Items", "{9844B606-2341-4879-A33A-A32536FB2DCA}"
	ProjectSection(SolutionItems) = preProject
		README.md = README.md
	EndProjectSection
EndProject
Global
	GlobalSection(SolutionConfigurationPlatforms) = preSolution
		Debug|Any CPU = Debug|Any CPU
		Release|Any CPU = Release|Any CPU
	EndGlobalSection
	GlobalSection(ProjectConfigurationPlatforms) = postSolution
		{C1E27EC1-4938-4AA1-A357-77D57F3EF251}.Debug|Any CPU.ActiveCfg = Debug|Any CPU
		{C1E27EC1-4938-4AA1-A357-77D57F3EF251}.Debug|Any CPU.Build.0 = Debug|Any CPU
		{C1E27EC1-4938-4AA1-A357-77D57F3EF251}.Release|Any CPU.ActiveCfg = Release|Any CPU
		{C1E27EC1-4938-4AA1-A357-77D57F3EF251}.Release|Any CPU.Build.0 = Release|Any CPU
		{DB0F47AF-FEF4-4DB2-A2CA-4C3FA609C5C8}.Debug|Any CPU.ActiveCfg = Debug|Any CPU
		{DB0F47AF-FEF4-4DB2-A2CA-4C3FA609C5C8}.Debug|Any CPU.Build.0 = Debug|Any CPU
		{DB0F47AF-FEF4-4DB2-A2CA-4C3FA609C5C8}.Release|Any CPU.ActiveCfg = Release|Any CPU
		{DB0F47AF-FEF4-4DB2-A2CA-4C3FA609C5C8}.Release|Any CPU.Build.0 = Release|Any CPU
		{BD709324-AABF-4FFC-8466-5E9A21940A00}.Debug|Any CPU.ActiveCfg = Debug|Any CPU
		{BD709324-AABF-4FFC-8466-5E9A21940A00}.Debug|Any CPU.Build.0 = Debug|Any CPU
		{BD709324-AABF-4FFC-8466-5E9A21940A00}.Release|Any CPU.ActiveCfg = Release|Any CPU
		{BD709324-AABF-4FFC-8466-5E9A21940A00}.Release|Any CPU.Build.0 = Release|Any CPU
		{B40F4843-5086-4674-95CA-6169942F329B}.Debug|Any CPU.ActiveCfg = Debug|Any CPU
		{B40F4843-5086-4674-95CA-6169942F329B}.Debug|Any CPU.Build.0 = Debug|Any CPU
		{B40F4843-5086-4674-95CA-6169942F329B}.Release|Any CPU.ActiveCfg = Release|Any CPU
		{B40F4843-5086-4674-95CA-6169942F329B}.Release|Any CPU.Build.0 = Release|Any CPU
	EndGlobalSection
	GlobalSection(SolutionProperties) = preSolution
		HideSolutionNode = FALSE
	EndGlobalSection
	GlobalSection(ExtensibilityGlobals) = postSolution
		SolutionGuid = {8508E049-8D45-40C6-8531-522FA4EB0307}
	EndGlobalSection
EndGlobal
